// !$*UTF8*$!
{
	archiveVersion = 1;
	classes = {
	};
	objectVersion = 77;
	objects = {

/* Begin PBXBuildFile section */
		922727562FF8C2EB0009A6F7 /* ContentView.swift in Sources */ = {isa = PBXBuildFile; fileRef = 9227274E2FF8C1760009A6F7 /* ContentView.swift */; };
		922727572FF8C2F00009A6F7 /* Expense.swift in Sources */ = {isa = PBXBuildFile; fileRef = 9227274D2FF8C14A0009A6F7 /* Expense.swift */; };
		922727582FF8C49A0009A6F7 /* AddExpenseView.swift in Sources */ = {isa = PBXBuildFile; fileRef = 922727502FF8C1B80009A6F7 /* AddExpenseView.swift */; };
		922727592FF8C5930009A6F7 /* DashboardView.swift in Sources */ = {isa = PBXBuildFile; fileRef = 9227274F2FF8C1B30009A6F7 /* DashboardView.swift */; };
		9227275B2FF8C5AC0009A6F7 /* ExpenseListView.swift in Sources */ = {isa = PBXBuildFile; fileRef = 9227275A2FF8C5A90009A6F7 /* ExpenseListView.swift */; };
		922727602FF8C7670009A6F7 /* BudgetCardView.swift in Sources */ = {isa = PBXBuildFile; fileRef = 9227275F2FF8C7660009A6F7 /* BudgetCardView.swift */; };
		922727622FF8C80F0009A6F7 /* ExpenseRowView.swift in Sources */ = {isa = PBXBuildFile; fileRef = 922727612FF8C80A0009A6F7 /* ExpenseRowView.swift */; };
		922727632FF8CA030009A6F7 /* DashboardViewModel.swift in Sources */ = {isa = PBXBuildFile; fileRef = 922727552FF8C1DA0009A6F7 /* DashboardViewModel.swift */; };
		922727652FF8CA720009A6F7 /* ExpenseCategory.swift in Sources */ = {isa = PBXBuildFile; fileRef = 922727642FF8CA6F0009A6F7 /* ExpenseCategory.swift */; };
		922727672FF8CBB30009A6F7 /* EditExpenseView.swift in Sources */ = {isa = PBXBuildFile; fileRef = 922727662FF8CBA90009A6F7 /* EditExpenseView.swift */; };
		922727692FF8CC8F0009A6F7 /* Budget.swift in Sources */ = {isa = PBXBuildFile; fileRef = 922727682FF8CC8A0009A6F7 /* Budget.swift */; };
		9227276B2FF8CCC60009A6F7 /* SettingsView.swift in Sources */ = {isa = PBXBuildFile; fileRef = 9227276A2FF8CCC00009A6F7 /* SettingsView.swift */; };
		9227276D2FF8CD6F0009A6F7 /* SpendingChartView.swift in Sources */ = {isa = PBXBuildFile; fileRef = 9227276C2FF8CD670009A6F7 /* SpendingChartView.swift */; };
		922727702FF8CDF80009A6F7 /* ReceiptScannerView.swift in Sources */ = {isa = PBXBuildFile; fileRef = 9227276F2FF8CDF20009A6F7 /* ReceiptScannerView.swift */; };
		922727722FF8D0E80009A6F7 /* ReceiptScannerViewModel.swift in Sources */ = {isa = PBXBuildFile; fileRef = 922727712FF8D0E50009A6F7 /* ReceiptScannerViewModel.swift */; };
		922727732FF8D1440009A6F7 /* OCRService.swift in Sources */ = {isa = PBXBuildFile; fileRef = 922727522FF8C1C70009A6F7 /* OCRService.swift */; };
		922727862FF8D93E0009A6F7 /* ParsedReceipt.swift in Sources */ = {isa = PBXBuildFile; fileRef = 922727852FF8D9370009A6F7 /* ParsedReceipt.swift */; };
		922727882FF8D9B90009A6F7 /* ReceiptParser.swift in Sources */ = {isa = PBXBuildFile; fileRef = 922727872FF8D9620009A6F7 /* ReceiptParser.swift */; };
/* End PBXBuildFile section */

/* Begin PBXContainerItemProxy section */
		922727292FF8BFAC0009A6F7 /* PBXContainerItemProxy */ = {
			isa = PBXContainerItemProxy;
			containerPortal = 922727112FF8BFAB0009A6F7 /* Project object */;
			proxyType = 1;
			remoteGlobalIDString = 922727182FF8BFAB0009A6F7;
			remoteInfo = Budgetting;
		};
		922727332FF8BFAC0009A6F7 /* PBXContainerItemProxy */ = {
			isa = PBXContainerItemProxy;
			containerPortal = 922727112FF8BFAB0009A6F7 /* Project object */;
			proxyType = 1;
			remoteGlobalIDString = 922727182FF8BFAB0009A6F7;
			remoteInfo = Budgetting;
		};
/* End PBXContainerItemProxy section */

/* Begin PBXFileReference section */
		922727192FF8BFAB0009A6F7 /* Budgetting.app */ = {isa = PBXFileReference; explicitFileType = wrapper.application; includeInIndex = 0; path = Budgetting.app; sourceTree = BUILT_PRODUCTS_DIR; };
		922727282FF8BFAC0009A6F7 /* BudgettingTests.xctest */ = {isa = PBXFileReference; explicitFileType = wrapper.cfbundle; includeInIndex = 0; path = BudgettingTests.xctest; sourceTree = BUILT_PRODUCTS_DIR; };
		922727322FF8BFAC0009A6F7 /* BudgettingUITests.xctest */ = {isa = PBXFileReference; explicitFileType = wrapper.cfbundle; includeInIndex = 0; path = BudgettingUITests.xctest; sourceTree = BUILT_PRODUCTS_DIR; };
		9227274D2FF8C14A0009A6F7 /* Expense.swift */ = {isa = PBXFileReference; lastKnownFileType = sourcecode.swift; path = Expense.swift; sourceTree = "<group>"; };
		9227274E2FF8C1760009A6F7 /* ContentView.swift */ = {isa = PBXFileReference; lastKnownFileType = sourcecode.swift; path = ContentView.swift; sourceTree = "<group>"; };
		9227274F2FF8C1B30009A6F7 /* DashboardView.swift */ = {isa = PBXFileReference; lastKnownFileType = sourcecode.swift; path = DashboardView.swift; sourceTree = "<group>"; };
		922727502FF8C1B80009A6F7 /* AddExpenseView.swift */ = {isa = PBXFileReference; lastKnownFileType = sourcecode.swift; path = AddExpenseView.swift; sourceTree = "<group>"; };
		922727522FF8C1C70009A6F7 /* OCRService.swift */ = {isa = PBXFileReference; lastKnownFileType = sourcecode.swift; path = OCRService.swift; sourceTree = "<group>"; };
		922727532FF8C1CD0009A6F7 /* AIService.swift */ = {isa = PBXFileReference; lastKnownFileType = sourcecode.swift; path = AIService.swift; sourceTree = "<group>"; };
		922727542FF8C1D30009A6F7 /* BudgetService.swift */ = {isa = PBXFileReference; lastKnownFileType = sourcecode.swift; path = BudgetService.swift; sourceTree = "<group>"; };
		922727552FF8C1DA0009A6F7 /* DashboardViewModel.swift */ = {isa = PBXFileReference; lastKnownFileType = sourcecode.swift; path = DashboardViewModel.swift; sourceTree = "<group>"; };
		9227275A2FF8C5A90009A6F7 /* ExpenseListView.swift */ = {isa = PBXFileReference; lastKnownFileType = sourcecode.swift; path = ExpenseListView.swift; sourceTree = "<group>"; };
		9227275F2FF8C7660009A6F7 /* BudgetCardView.swift */ = {isa = PBXFileReference; lastKnownFileType = sourcecode.swift; path = BudgetCardView.swift; sourceTree = "<group>"; };
		922727612FF8C80A0009A6F7 /* ExpenseRowView.swift */ = {isa = PBXFileReference; lastKnownFileType = sourcecode.swift; path = ExpenseRowView.swift; sourceTree = "<group>"; };
		922727642FF8CA6F0009A6F7 /* ExpenseCategory.swift */ = {isa = PBXFileReference; lastKnownFileType = sourcecode.swift; path = ExpenseCategory.swift; sourceTree = "<group>"; };
		922727662FF8CBA90009A6F7 /* EditExpenseView.swift */ = {isa = PBXFileReference; lastKnownFileType = sourcecode.swift; path = EditExpenseView.swift; sourceTree = "<group>"; };
		922727682FF8CC8A0009A6F7 /* Budget.swift */ = {isa = PBXFileReference; lastKnownFileType = sourcecode.swift; path = Budget.swift; sourceTree = "<group>"; };
		9227276A2FF8CCC00009A6F7 /* SettingsView.swift */ = {isa = PBXFileReference; lastKnownFileType = sourcecode.swift; path = SettingsView.swift; sourceTree = "<group>"; };
		9227276C2FF8CD670009A6F7 /* SpendingChartView.swift */ = {isa = PBXFileReference; lastKnownFileType = sourcecode.swift; path = SpendingChartView.swift; sourceTree = "<group>"; };
		9227276F2FF8CDF20009A6F7 /* ReceiptScannerView.swift */ = {isa = PBXFileReference; lastKnownFileType = sourcecode.swift; path = ReceiptScannerView.swift; sourceTree = "<group>"; };
		922727712FF8D0E50009A6F7 /* ReceiptScannerViewModel.swift */ = {isa = PBXFileReference; lastKnownFileType = sourcecode.swift; path = ReceiptScannerViewModel.swift; sourceTree = "<group>"; };
		922727852FF8D9370009A6F7 /* ParsedReceipt.swift */ = {isa = PBXFileReference; lastKnownFileType = sourcecode.swift; path = ParsedReceipt.swift; sourceTree = "<group>"; };
		922727872FF8D9620009A6F7 /* ReceiptParser.swift */ = {isa = PBXFileReference; lastKnownFileType = sourcecode.swift; path = ReceiptParser.swift; sourceTree = "<group>"; };
/* End PBXFileReference section */

/* Begin PBXFileSystemSynchronizedRootGroup section */
		9227271B2FF8BFAB0009A6F7 /* Budgetting */ = {
			isa = PBXFileSystemSynchronizedRootGroup;
			path = Budgetting;
			sourceTree = "<group>";
		};
		9227272B2FF8BFAC0009A6F7 /* BudgettingTests */ = {
			isa = PBXFileSystemSynchronizedRootGroup;
			path = BudgettingTests;
			sourceTree = "<group>";
		};
		922727352FF8BFAC0009A6F7 /* BudgettingUITests */ = {
			isa = PBXFileSystemSynchronizedRootGroup;
			path = BudgettingUITests;
			sourceTree = "<group>";
		};
/* End PBXFileSystemSynchronizedRootGroup section */

/* Begin PBXFrameworksBuildPhase section */
		922727162FF8BFAB0009A6F7 /* Frameworks */ = {
			isa = PBXFrameworksBuildPhase;
			buildActionMask = 2147483647;
			files = (
			);
			runOnlyForDeploymentPostprocessing = 0;
		};
		922727252FF8BFAC0009A6F7 /* Frameworks */ = {
			isa = PBXFrameworksBuildPhase;
			buildActionMask = 2147483647;
			files = (
			);
			runOnlyForDeploymentPostprocessing = 0;
		};
		9227272F2FF8BFAC0009A6F7 /* Frameworks */ = {
			isa = PBXFrameworksBuildPhase;
			buildActionMask = 2147483647;
			files = (
			);
			runOnlyForDeploymentPostprocessing = 0;
		};
/* End PBXFrameworksBuildPhase section */

/* Begin PBXGroup section */
		922727102FF8BFAB0009A6F7 = {
			isa = PBXGroup;
			children = (
				9227274C2FF8C0310009A6F7 /* Resources */,
				9227274B2FF8C02A0009A6F7 /* Utilities */,
				9227274A2FF8C0230009A6F7 /* Services */,
				922727492FF8C01C0009A6F7 /* ViewModels */,
				922727482FF8C0170009A6F7 /* Views */,
				922727452FF8C0010009A6F7 /* Models */,
				9227271B2FF8BFAB0009A6F7 /* Budgetting */,
				9227272B2FF8BFAC0009A6F7 /* BudgettingTests */,
				922727352FF8BFAC0009A6F7 /* BudgettingUITests */,
				9227271A2FF8BFAB0009A6F7 /* Products */,
			);
			sourceTree = "<group>";
		};
		9227271A2FF8BFAB0009A6F7 /* Products */ = {
			isa = PBXGroup;
			children = (
				922727192FF8BFAB0009A6F7 /* Budgetting.app */,
				922727282FF8BFAC0009A6F7 /* BudgettingTests.xctest */,
				922727322FF8BFAC0009A6F7 /* BudgettingUITests.xctest */,
			);
			name = Products;
			sourceTree = "<group>";
		};
		922727452FF8C0010009A6F7 /* Models */ = {
			isa = PBXGroup;
			children = (
				922727852FF8D9370009A6F7 /* ParsedReceipt.swift */,
				922727682FF8CC8A0009A6F7 /* Budget.swift */,
				922727642FF8CA6F0009A6F7 /* ExpenseCategory.swift */,
				9227274D2FF8C14A0009A6F7 /* Expense.swift */,
			);
			path = Models;
			sourceTree = "<group>";
		};
		922727482FF8C0170009A6F7 /* Views */ = {
			isa = PBXGroup;
			children = (
				9227276E2FF8CDE90009A6F7 /* Receipt */,
				9227275E2FF8C7560009A6F7 /* Components */,
				9227276A2FF8CCC00009A6F7 /* SettingsView.swift */,
				922727662FF8CBA90009A6F7 /* EditExpenseView.swift */,
				9227275A2FF8C5A90009A6F7 /* ExpenseListView.swift */,
				922727502FF8C1B80009A6F7 /* AddExpenseView.swift */,
				9227274F2FF8C1B30009A6F7 /* DashboardView.swift */,
				9227274E2FF8C1760009A6F7 /* ContentView.swift */,
			);
			path = Views;
			sourceTree = "<group>";
		};
		922727492FF8C01C0009A6F7 /* ViewModels */ = {
			isa = PBXGroup;
			children = (
				922727712FF8D0E50009A6F7 /* ReceiptScannerViewModel.swift */,
				922727552FF8C1DA0009A6F7 /* DashboardViewModel.swift */,
			);
			path = ViewModels;
			sourceTree = "<group>";
		};
		9227274A2FF8C0230009A6F7 /* Services */ = {
			isa = PBXGroup;
			children = (
				922727872FF8D9620009A6F7 /* ReceiptParser.swift */,
				922727542FF8C1D30009A6F7 /* BudgetService.swift */,
				922727532FF8C1CD0009A6F7 /* AIService.swift */,
				922727522FF8C1C70009A6F7 /* OCRService.swift */,
			);
			path = Services;
			sourceTree = "<group>";
		};
		9227274B2FF8C02A0009A6F7 /* Utilities */ = {
			isa = PBXGroup;
			children = (
			);
			path = Utilities;
			sourceTree = "<group>";
		};
		9227274C2FF8C0310009A6F7 /* Resources */ = {
			isa = PBXGroup;
			children = (
			);
			path = Resources;
			sourceTree = "<group>";
		};
		9227275E2FF8C7560009A6F7 /* Components */ = {
			isa = PBXGroup;
			children = (
				9227276C2FF8CD670009A6F7 /* SpendingChartView.swift */,
				922727612FF8C80A0009A6F7 /* ExpenseRowView.swift */,
				9227275F2FF8C7660009A6F7 /* BudgetCardView.swift */,
			);
			path = Components;
			sourceTree = "<group>";
		};
		9227276E2FF8CDE90009A6F7 /* Receipt */ = {
			isa = PBXGroup;
			children = (
				9227276F2FF8CDF20009A6F7 /* ReceiptScannerView.swift */,
			);
			path = Receipt;
			sourceTree = "<group>";
		};
/* End PBXGroup section */

/* Begin PBXNativeTarget section */
		922727182FF8BFAB0009A6F7 /* Budgetting */ = {
			isa = PBXNativeTarget;
			buildConfigurationList = 9227273C2FF8BFAC0009A6F7 /* Build configuration list for PBXNativeTarget "Budgetting" */;
			buildPhases = (
				922727152FF8BFAB0009A6F7 /* Sources */,
				922727162FF8BFAB0009A6F7 /* Frameworks */,
				922727172FF8BFAB0009A6F7 /* Resources */,
			);
			buildRules = (
			);
			dependencies = (
			);
			fileSystemSynchronizedGroups = (
				9227271B2FF8BFAB0009A6F7 /* Budgetting */,
			);
			name = Budgetting;
			packageProductDependencies = (
			);
			productName = Budgetting;
			productReference = 922727192FF8BFAB0009A6F7 /* Budgetting.app */;
			productType = "com.apple.product-type.application";
		};
		922727272FF8BFAC0009A6F7 /* BudgettingTests */ = {
			isa = PBXNativeTarget;
			buildConfigurationList = 9227273F2FF8BFAC0009A6F7 /* Build configuration list for PBXNativeTarget "BudgettingTests" */;
			buildPhases = (
				922727242FF8BFAC0009A6F7 /* Sources */,
				922727252FF8BFAC0009A6F7 /* Frameworks */,
				922727262FF8BFAC0009A6F7 /* Resources */,
			);
			buildRules = (
			);
			dependencies = (
				9227272A2FF8BFAC0009A6F7 /* PBXTargetDependency */,
			);
			fileSystemSynchronizedGroups = (
				9227272B2FF8BFAC0009A6F7 /* BudgettingTests */,
			);
			name = BudgettingTests;
			packageProductDependencies = (
			);
			productName = BudgettingTests;
			productReference = 922727282FF8BFAC0009A6F7 /* BudgettingTests.xctest */;
			productType = "com.apple.product-type.bundle.unit-test";
		};
		922727312FF8BFAC0009A6F7 /* BudgettingUITests */ = {
			isa = PBXNativeTarget;
			buildConfigurationList = 922727422FF8BFAC0009A6F7 /* Build configuration list for PBXNativeTarget "BudgettingUITests" */;
			buildPhases = (
				9227272E2FF8BFAC0009A6F7 /* Sources */,
				9227272F2FF8BFAC0009A6F7 /* Frameworks */,
				922727302FF8BFAC0009A6F7 /* Resources */,
			);
			buildRules = (
			);
			dependencies = (
				922727342FF8BFAC0009A6F7 /* PBXTargetDependency */,
			);
			fileSystemSynchronizedGroups = (
				922727352FF8BFAC0009A6F7 /* BudgettingUITests */,
			);
			name = BudgettingUITests;
			packageProductDependencies = (
			);
			productName = BudgettingUITests;
			productReference = 922727322FF8BFAC0009A6F7 /* BudgettingUITests.xctest */;
			productType = "com.apple.product-type.bundle.ui-testing";
		};
/* End PBXNativeTarget section */

/* Begin PBXProject section */
		922727112FF8BFAB0009A6F7 /* Project object */ = {
			isa = PBXProject;
			attributes = {
				BuildIndependentTargetsInParallel = 1;
				LastSwiftUpdateCheck = 2660;
				LastUpgradeCheck = 2660;
				TargetAttributes = {
					922727182FF8BFAB0009A6F7 = {
						CreatedOnToolsVersion = 26.6;
					};
					922727272FF8BFAC0009A6F7 = {
						CreatedOnToolsVersion = 26.6;
						TestTargetID = 922727182FF8BFAB0009A6F7;
					};
					922727312FF8BFAC0009A6F7 = {
						CreatedOnToolsVersion = 26.6;
						TestTargetID = 922727182FF8BFAB0009A6F7;
					};
				};
			};
			buildConfigurationList = 922727142FF8BFAB0009A6F7 /* Build configuration list for PBXProject "Budgetting" */;
			developmentRegion = en;
			hasScannedForEncodings = 0;
			knownRegions = (
				en,
				Base,
			);
			mainGroup = 922727102FF8BFAB0009A6F7;
			minimizedProjectReferenceProxies = 1;
			preferredProjectObjectVersion = 77;
			productRefGroup = 9227271A2FF8BFAB0009A6F7 /* Products */;
			projectDirPath = "";
			projectRoot = "";
			targets = (
				922727182FF8BFAB0009A6F7 /* Budgetting */,
				922727272FF8BFAC0009A6F7 /* BudgettingTests */,
				922727312FF8BFAC0009A6F7 /* BudgettingUITests */,
			);
		};
/* End PBXProject section */

/* Begin PBXResourcesBuildPhase section */
		922727172FF8BFAB0009A6F7 /* Resources */ = {
			isa = PBXResourcesBuildPhase;
			buildActionMask = 2147483647;
			files = (
			);
			runOnlyForDeploymentPostprocessing = 0;
		};
		922727262FF8BFAC0009A6F7 /* Resources */ = {
			isa = PBXResourcesBuildPhase;
			buildActionMask = 2147483647;
			files = (
			);
			runOnlyForDeploymentPostprocessing = 0;
		};
		922727302FF8BFAC0009A6F7 /* Resources */ = {
			isa = PBXResourcesBuildPhase;
			buildActionMask = 2147483647;
			files = (
			);
			runOnlyForDeploymentPostprocessing = 0;
		};
/* End PBXResourcesBuildPhase section */

/* Begin PBXSourcesBuildPhase section */
		922727152FF8BFAB0009A6F7 /* Sources */ = {
			isa = PBXSourcesBuildPhase;
			buildActionMask = 2147483647;
			files = (
				922727602FF8C7670009A6F7 /* BudgetCardView.swift in Sources */,
				922727572FF8C2F00009A6F7 /* Expense.swift in Sources */,
				922727692FF8CC8F0009A6F7 /* Budget.swift in Sources */,
				922727732FF8D1440009A6F7 /* OCRService.swift in Sources */,
				9227276D2FF8CD6F0009A6F7 /* SpendingChartView.swift in Sources */,
				922727702FF8CDF80009A6F7 /* ReceiptScannerView.swift in Sources */,
				922727622FF8C80F0009A6F7 /* ExpenseRowView.swift in Sources */,
				922727632FF8CA030009A6F7 /* DashboardViewModel.swift in Sources */,
				9227275B2FF8C5AC0009A6F7 /* ExpenseListView.swift in Sources */,
				922727562FF8C2EB0009A6F7 /* ContentView.swift in Sources */,
				922727592FF8C5930009A6F7 /* DashboardView.swift in Sources */,
				922727882FF8D9B90009A6F7 /* ReceiptParser.swift in Sources */,
				922727722FF8D0E80009A6F7 /* ReceiptScannerViewModel.swift in Sources */,
				922727862FF8D93E0009A6F7 /* ParsedReceipt.swift in Sources */,
				922727652FF8CA720009A6F7 /* ExpenseCategory.swift in Sources */,
				922727672FF8CBB30009A6F7 /* EditExpenseView.swift in Sources */,
				922727582FF8C49A0009A6F7 /* AddExpenseView.swift in Sources */,
				9227276B2FF8CCC60009A6F7 /* SettingsView.swift in Sources */,
			);
			runOnlyForDeploymentPostprocessing = 0;
		};
		922727242FF8BFAC0009A6F7 /* Sources */ = {
			isa = PBXSourcesBuildPhase;
			buildActionMask = 2147483647;
			files = (
			);
			runOnlyForDeploymentPostprocessing = 0;
		};
		9227272E2FF8BFAC0009A6F7 /* Sources */ = {
			isa = PBXSourcesBuildPhase;
			buildActionMask = 2147483647;
			files = (
			);
			runOnlyForDeploymentPostprocessing = 0;
		};
/* End PBXSourcesBuildPhase section */

/* Begin PBXTargetDependency section */
		9227272A2FF8BFAC0009A6F7 /* PBXTargetDependency */ = {
			isa = PBXTargetDependency;
			target = 922727182FF8BFAB0009A6F7 /* Budgetting */;
			targetProxy = 922727292FF8BFAC0009A6F7 /* PBXContainerItemProxy */;
		};
		922727342FF8BFAC0009A6F7 /* PBXTargetDependency */ = {
			isa = PBXTargetDependency;
			target = 922727182FF8BFAB0009A6F7 /* Budgetting */;
			targetProxy = 922727332FF8BFAC0009A6F7 /* PBXContainerItemProxy */;
		};
/* End PBXTargetDependency section */

/* Begin XCBuildConfiguration section */
		9227273A2FF8BFAC0009A6F7 /* Debug */ = {
			isa = XCBuildConfiguration;
			buildSettings = {
				ALWAYS_SEARCH_USER_PATHS = NO;
				ASSETCATALOG_COMPILER_GENERATE_SWIFT_ASSET_SYMBOL_EXTENSIONS = YES;
				CLANG_ANALYZER_NONNULL = YES;
				CLANG_ANALYZER_NUMBER_OBJECT_CONVERSION = YES_AGGRESSIVE;
				CLANG_CXX_LANGUAGE_STANDARD = "gnu++20";
				CLANG_ENABLE_MODULES = YES;
				CLANG_ENABLE_OBJC_ARC = YES;
				CLANG_ENABLE_OBJC_WEAK = YES;
				CLANG_WARN_BLOCK_CAPTURE_AUTORELEASING = YES;
				CLANG_WARN_BOOL_CONVERSION = YES;
				CLANG_WARN_COMMA = YES;
				CLANG_WARN_CONSTANT_CONVERSION = YES;
				CLANG_WARN_DEPRECATED_OBJC_IMPLEMENTATIONS = YES;
				CLANG_WARN_DIRECT_OBJC_ISA_USAGE = YES_ERROR;
				CLANG_WARN_DOCUMENTATION_COMMENTS = YES;
				CLANG_WARN_EMPTY_BODY = YES;
				CLANG_WARN_ENUM_CONVERSION = YES;
				CLANG_WARN_INFINITE_RECURSION = YES;
				CLANG_WARN_INT_CONVERSION = YES;
				CLANG_WARN_NON_LITERAL_NULL_CONVERSION = YES;
				CLANG_WARN_OBJC_IMPLICIT_RETAIN_SELF = YES;
				CLANG_WARN_OBJC_LITERAL_CONVERSION = YES;
				CLANG_WARN_OBJC_ROOT_CLASS = YES_ERROR;
				CLANG_WARN_QUOTED_INCLUDE_IN_FRAMEWORK_HEADER = YES;
				CLANG_WARN_RANGE_LOOP_ANALYSIS = YES;
				CLANG_WARN_STRICT_PROTOTYPES = YES;
				CLANG_WARN_SUSPICIOUS_MOVE = YES;
				CLANG_WARN_UNGUARDED_AVAILABILITY = YES_AGGRESSIVE;
				CLANG_WARN_UNREACHABLE_CODE = YES;
				CLANG_WARN__DUPLICATE_METHOD_MATCH = YES;
				COPY_PHASE_STRIP = NO;
				DEBUG_INFORMATION_FORMAT = dwarf;
				DEVELOPMENT_TEAM = 6J77454CF6;
				ENABLE_STRICT_OBJC_MSGSEND = YES;
				ENABLE_TESTABILITY = YES;
				ENABLE_USER_SCRIPT_SANDBOXING = YES;
				GCC_C_LANGUAGE_STANDARD = gnu17;
				GCC_DYNAMIC_NO_PIC = NO;
				GCC_NO_COMMON_BLOCKS = YES;
				GCC_OPTIMIZATION_LEVEL = 0;
				GCC_PREPROCESSOR_DEFINITIONS = (
					"DEBUG=1",
					"$(inherited)",
				);
				GCC_WARN_64_TO_32_BIT_CONVERSION = YES;
				GCC_WARN_ABOUT_RETURN_TYPE = YES_ERROR;
				GCC_WARN_UNDECLARED_SELECTOR = YES;
				GCC_WARN_UNINITIALIZED_AUTOS = YES_AGGRESSIVE;
				GCC_WARN_UNUSED_FUNCTION = YES;
				GCC_WARN_UNUSED_VARIABLE = YES;
				LOCALIZATION_PREFERS_STRING_CATALOGS = YES;
				MTL_ENABLE_DEBUG_INFO = INCLUDE_SOURCE;
				MTL_FAST_MATH = YES;
				ONLY_ACTIVE_ARCH = YES;
				SWIFT_ACTIVE_COMPILATION_CONDITIONS = "DEBUG $(inherited)";
				SWIFT_OPTIMIZATION_LEVEL = "-Onone";
			};
			name = Debug;
		};
		9227273B2FF8BFAC0009A6F7 /* Release */ = {
			isa = XCBuildConfiguration;
			buildSettings = {
				ALWAYS_SEARCH_USER_PATHS = NO;
				ASSETCATALOG_COMPILER_GENERATE_SWIFT_ASSET_SYMBOL_EXTENSIONS = YES;
				CLANG_ANALYZER_NONNULL = YES;
				CLANG_ANALYZER_NUMBER_OBJECT_CONVERSION = YES_AGGRESSIVE;
				CLANG_CXX_LANGUAGE_STANDARD = "gnu++20";
				CLANG_ENABLE_MODULES = YES;
				CLANG_ENABLE_OBJC_ARC = YES;
				CLANG_ENABLE_OBJC_WEAK = YES;
				CLANG_WARN_BLOCK_CAPTURE_AUTORELEASING = YES;
				CLANG_WARN_BOOL_CONVERSION = YES;
				CLANG_WARN_COMMA = YES;
				CLANG_WARN_CONSTANT_CONVERSION = YES;
				CLANG_WARN_DEPRECATED_OBJC_IMPLEMENTATIONS = YES;
				CLANG_WARN_DIRECT_OBJC_ISA_USAGE = YES_ERROR;
				CLANG_WARN_DOCUMENTATION_COMMENTS = YES;
				CLANG_WARN_EMPTY_BODY = YES;
				CLANG_WARN_ENUM_CONVERSION = YES;
				CLANG_WARN_INFINITE_RECURSION = YES;
				CLANG_WARN_INT_CONVERSION = YES;
				CLANG_WARN_NON_LITERAL_NULL_CONVERSION = YES;
				CLANG_WARN_OBJC_IMPLICIT_RETAIN_SELF = YES;
				CLANG_WARN_OBJC_LITERAL_CONVERSION = YES;
				CLANG_WARN_OBJC_ROOT_CLASS = YES_ERROR;
				CLANG_WARN_QUOTED_INCLUDE_IN_FRAMEWORK_HEADER = YES;
				CLANG_WARN_RANGE_LOOP_ANALYSIS = YES;
				CLANG_WARN_STRICT_PROTOTYPES = YES;
				CLANG_WARN_SUSPICIOUS_MOVE = YES;
				CLANG_WARN_UNGUARDED_AVAILABILITY = YES_AGGRESSIVE;
				CLANG_WARN_UNREACHABLE_CODE = YES;
				CLANG_WARN__DUPLICATE_METHOD_MATCH = YES;
				COPY_PHASE_STRIP = NO;
				DEBUG_INFORMATION_FORMAT = "dwarf-with-dsym";
				DEVELOPMENT_TEAM = 6J77454CF6;
				ENABLE_NS_ASSERTIONS = NO;
				ENABLE_STRICT_OBJC_MSGSEND = YES;
				ENABLE_USER_SCRIPT_SANDBOXING = YES;
				GCC_C_LANGUAGE_STANDARD = gnu17;
				GCC_NO_COMMON_BLOCKS = YES;
				GCC_WARN_64_TO_32_BIT_CONVERSION = YES;
				GCC_WARN_ABOUT_RETURN_TYPE = YES_ERROR;
				GCC_WARN_UNDECLARED_SELECTOR = YES;
				GCC_WARN_UNINITIALIZED_AUTOS = YES_AGGRESSIVE;
				GCC_WARN_UNUSED_FUNCTION = YES;
				GCC_WARN_UNUSED_VARIABLE = YES;
				LOCALIZATION_PREFERS_STRING_CATALOGS = YES;
				MTL_ENABLE_DEBUG_INFO = NO;
				MTL_FAST_MATH = YES;
				SWIFT_COMPILATION_MODE = wholemodule;
			};
			name = Release;
		};
		9227273D2FF8BFAC0009A6F7 /* Debug */ = {
			isa = XCBuildConfiguration;
			buildSettings = {
				ASSETCATALOG_COMPILER_APPICON_NAME = AppIcon;
				ASSETCATALOG_COMPILER_GLOBAL_ACCENT_COLOR_NAME = AccentColor;
				CODE_SIGN_STYLE = Automatic;
				CURRENT_PROJECT_VERSION = 1;
				DEVELOPMENT_TEAM = 6J77454CF6;
				ENABLE_APP_SANDBOX = YES;
				ENABLE_HARDENED_RUNTIME = YES;
				ENABLE_PREVIEWS = YES;
				ENABLE_USER_SELECTED_FILES = readonly;
				GENERATE_INFOPLIST_FILE = YES;
				"INFOPLIST_KEY_UIApplicationSceneManifest_Generation[sdk=iphoneos*]" = YES;
				"INFOPLIST_KEY_UIApplicationSceneManifest_Generation[sdk=iphonesimulator*]" = YES;
				"INFOPLIST_KEY_UIApplicationSupportsIndirectInputEvents[sdk=iphoneos*]" = YES;
				"INFOPLIST_KEY_UIApplicationSupportsIndirectInputEvents[sdk=iphonesimulator*]" = YES;
				"INFOPLIST_KEY_UILaunchScreen_Generation[sdk=iphoneos*]" = YES;
				"INFOPLIST_KEY_UILaunchScreen_Generation[sdk=iphonesimulator*]" = YES;
				"INFOPLIST_KEY_UIStatusBarStyle[sdk=iphoneos*]" = UIStatusBarStyleDefault;
				"INFOPLIST_KEY_UIStatusBarStyle[sdk=iphonesimulator*]" = UIStatusBarStyleDefault;
				INFOPLIST_KEY_UISupportedInterfaceOrientations_iPad = "UIInterfaceOrientationPortrait UIInterfaceOrientationPortraitUpsideDown UIInterfaceOrientationLandscapeLeft UIInterfaceOrientationLandscapeRight";
				INFOPLIST_KEY_UISupportedInterfaceOrientations_iPhone = "UIInterfaceOrientationPortrait UIInterfaceOrientationLandscapeLeft UIInterfaceOrientationLandscapeRight";
				IPHONEOS_DEPLOYMENT_TARGET = 26.5;
				LD_RUNPATH_SEARCH_PATHS = "@executable_path/Frameworks";
				"LD_RUNPATH_SEARCH_PATHS[sdk=macosx*]" = "@executable_path/../Frameworks";
				MACOSX_DEPLOYMENT_TARGET = 26.3;
				MARKETING_VERSION = 1.0;
				PRODUCT_BUNDLE_IDENTIFIER = com.zacharie.Budgetting;
				PRODUCT_NAME = "$(TARGET_NAME)";
				REGISTER_APP_GROUPS = YES;
				SDKROOT = auto;
				STRING_CATALOG_GENERATE_SYMBOLS = YES;
				SUPPORTED_PLATFORMS = "iphoneos iphonesimulator macosx xros xrsimulator";
				SWIFT_APPROACHABLE_CONCURRENCY = YES;
				SWIFT_DEFAULT_ACTOR_ISOLATION = MainActor;
				SWIFT_EMIT_LOC_STRINGS = YES;
				SWIFT_UPCOMING_FEATURE_MEMBER_IMPORT_VISIBILITY = YES;
				SWIFT_VERSION = 5.0;
				TARGETED_DEVICE_FAMILY = "1,2,7";
				XROS_DEPLOYMENT_TARGET = 26.5;
			};
			name = Debug;
		};
		9227273E2FF8BFAC0009A6F7 /* Release */ = {
			isa = XCBuildConfiguration;
			buildSettings = {
				ASSETCATALOG_COMPILER_APPICON_NAME = AppIcon;
				ASSETCATALOG_COMPILER_GLOBAL_ACCENT_COLOR_NAME = AccentColor;
				CODE_SIGN_STYLE = Automatic;
				CURRENT_PROJECT_VERSION = 1;
				DEVELOPMENT_TEAM = 6J77454CF6;
				ENABLE_APP_SANDBOX = YES;
				ENABLE_HARDENED_RUNTIME = YES;
				ENABLE_PREVIEWS = YES;
				ENABLE_USER_SELECTED_FILES = readonly;
				GENERATE_INFOPLIST_FILE = YES;
				"INFOPLIST_KEY_UIApplicationSceneManifest_Generation[sdk=iphoneos*]" = YES;
				"INFOPLIST_KEY_UIApplicationSceneManifest_Generation[sdk=iphonesimulator*]" = YES;
				"INFOPLIST_KEY_UIApplicationSupportsIndirectInputEvents[sdk=iphoneos*]" = YES;
				"INFOPLIST_KEY_UIApplicationSupportsIndirectInputEvents[sdk=iphonesimulator*]" = YES;
				"INFOPLIST_KEY_UILaunchScreen_Generation[sdk=iphoneos*]" = YES;
				"INFOPLIST_KEY_UILaunchScreen_Generation[sdk=iphonesimulator*]" = YES;
				"INFOPLIST_KEY_UIStatusBarStyle[sdk=iphoneos*]" = UIStatusBarStyleDefault;
				"INFOPLIST_KEY_UIStatusBarStyle[sdk=iphonesimulator*]" = UIStatusBarStyleDefault;
				INFOPLIST_KEY_UISupportedInterfaceOrientations_iPad = "UIInterfaceOrientationPortrait UIInterfaceOrientationPortraitUpsideDown UIInterfaceOrientationLandscapeLeft UIInterfaceOrientationLandscapeRight";
				INFOPLIST_KEY_UISupportedInterfaceOrientations_iPhone = "UIInterfaceOrientationPortrait UIInterfaceOrientationLandscapeLeft UIInterfaceOrientationLandscapeRight";
				IPHONEOS_DEPLOYMENT_TARGET = 26.5;
				LD_RUNPATH_SEARCH_PATHS = "@executable_path/Frameworks";
				"LD_RUNPATH_SEARCH_PATHS[sdk=macosx*]" = "@executable_path/../Frameworks";
				MACOSX_DEPLOYMENT_TARGET = 26.3;
				MARKETING_VERSION = 1.0;
				PRODUCT_BUNDLE_IDENTIFIER = com.zacharie.Budgetting;
				PRODUCT_NAME = "$(TARGET_NAME)";
				REGISTER_APP_GROUPS = YES;
				SDKROOT = auto;
				STRING_CATALOG_GENERATE_SYMBOLS = YES;
				SUPPORTED_PLATFORMS = "iphoneos iphonesimulator macosx xros xrsimulator";
				SWIFT_APPROACHABLE_CONCURRENCY = YES;
				SWIFT_DEFAULT_ACTOR_ISOLATION = MainActor;
				SWIFT_EMIT_LOC_STRINGS = YES;
				SWIFT_UPCOMING_FEATURE_MEMBER_IMPORT_VISIBILITY = YES;
				SWIFT_VERSION = 5.0;
				TARGETED_DEVICE_FAMILY = "1,2,7";
				XROS_DEPLOYMENT_TARGET = 26.5;
			};
			name = Release;
		};
		922727402FF8BFAC0009A6F7 /* Debug */ = {
			isa = XCBuildConfiguration;
			buildSettings = {
				BUNDLE_LOADER = "$(TEST_HOST)";
				CODE_SIGN_STYLE = Automatic;
				CURRENT_PROJECT_VERSION = 1;
				DEVELOPMENT_TEAM = 6J77454CF6;
				GENERATE_INFOPLIST_FILE = YES;
				IPHONEOS_DEPLOYMENT_TARGET = 26.5;
				MACOSX_DEPLOYMENT_TARGET = 26.3;
				MARKETING_VERSION = 1.0;
				PRODUCT_BUNDLE_IDENTIFIER = com.zacharie.BudgettingTests;
				PRODUCT_NAME = "$(TARGET_NAME)";
				SDKROOT = auto;
				STRING_CATALOG_GENERATE_SYMBOLS = NO;
				SUPPORTED_PLATFORMS = "iphoneos iphonesimulator macosx xros xrsimulator";
				SWIFT_APPROACHABLE_CONCURRENCY = YES;
				SWIFT_EMIT_LOC_STRINGS = NO;
				SWIFT_UPCOMING_FEATURE_MEMBER_IMPORT_VISIBILITY = YES;
				SWIFT_VERSION = 5.0;
				TARGETED_DEVICE_FAMILY = "1,2,7";
				TEST_HOST = "$(BUILT_PRODUCTS_DIR)/Budgetting.app/$(BUNDLE_EXECUTABLE_FOLDER_PATH)/Budgetting";
				XROS_DEPLOYMENT_TARGET = 26.5;
			};
			name = Debug;
		};
		922727412FF8BFAC0009A6F7 /* Release */ = {
			isa = XCBuildConfiguration;
			buildSettings = {
				BUNDLE_LOADER = "$(TEST_HOST)";
				CODE_SIGN_STYLE = Automatic;
				CURRENT_PROJECT_VERSION = 1;
				DEVELOPMENT_TEAM = 6J77454CF6;
				GENERATE_INFOPLIST_FILE = YES;
				IPHONEOS_DEPLOYMENT_TARGET = 26.5;
				MACOSX_DEPLOYMENT_TARGET = 26.3;
				MARKETING_VERSION = 1.0;
				PRODUCT_BUNDLE_IDENTIFIER = com.zacharie.BudgettingTests;
				PRODUCT_NAME = "$(TARGET_NAME)";
				SDKROOT = auto;
				STRING_CATALOG_GENERATE_SYMBOLS = NO;
				SUPPORTED_PLATFORMS = "iphoneos iphonesimulator macosx xros xrsimulator";
				SWIFT_APPROACHABLE_CONCURRENCY = YES;
				SWIFT_EMIT_LOC_STRINGS = NO;
				SWIFT_UPCOMING_FEATURE_MEMBER_IMPORT_VISIBILITY = YES;
				SWIFT_VERSION = 5.0;
				TARGETED_DEVICE_FAMILY = "1,2,7";
				TEST_HOST = "$(BUILT_PRODUCTS_DIR)/Budgetting.app/$(BUNDLE_EXECUTABLE_FOLDER_PATH)/Budgetting";
				XROS_DEPLOYMENT_TARGET = 26.5;
			};
			name = Release;
		};
		922727432FF8BFAC0009A6F7 /* Debug */ = {
			isa = XCBuildConfiguration;
			buildSettings = {
				CODE_SIGN_STYLE = Automatic;
				CURRENT_PROJECT_VERSION = 1;
				DEVELOPMENT_TEAM = 6J77454CF6;
				GENERATE_INFOPLIST_FILE = YES;
				IPHONEOS_DEPLOYMENT_TARGET = 26.5;
				MACOSX_DEPLOYMENT_TARGET = 26.3;
				MARKETING_VERSION = 1.0;
				PRODUCT_BUNDLE_IDENTIFIER = com.zacharie.BudgettingUITests;
				PRODUCT_NAME = "$(TARGET_NAME)";
				SDKROOT = auto;
				STRING_CATALOG_GENERATE_SYMBOLS = NO;
				SUPPORTED_PLATFORMS = "iphoneos iphonesimulator macosx xros xrsimulator";
				SWIFT_APPROACHABLE_CONCURRENCY = YES;
				SWIFT_EMIT_LOC_STRINGS = NO;
				SWIFT_UPCOMING_FEATURE_MEMBER_IMPORT_VISIBILITY = YES;
				SWIFT_VERSION = 5.0;
				TARGETED_DEVICE_FAMILY = "1,2,7";
				TEST_TARGET_NAME = Budgetting;
				XROS_DEPLOYMENT_TARGET = 26.5;
			};
			name = Debug;
		};
		922727442FF8BFAC0009A6F7 /* Release */ = {
			isa = XCBuildConfiguration;
			buildSettings = {
				CODE_SIGN_STYLE = Automatic;
				CURRENT_PROJECT_VERSION = 1;
				DEVELOPMENT_TEAM = 6J77454CF6;
				GENERATE_INFOPLIST_FILE = YES;
				IPHONEOS_DEPLOYMENT_TARGET = 26.5;
				MACOSX_DEPLOYMENT_TARGET = 26.3;
				MARKETING_VERSION = 1.0;
				PRODUCT_BUNDLE_IDENTIFIER = com.zacharie.BudgettingUITests;
				PRODUCT_NAME = "$(TARGET_NAME)";
				SDKROOT = auto;
				STRING_CATALOG_GENERATE_SYMBOLS = NO;
				SUPPORTED_PLATFORMS = "iphoneos iphonesimulator macosx xros xrsimulator";
				SWIFT_APPROACHABLE_CONCURRENCY = YES;
				SWIFT_EMIT_LOC_STRINGS = NO;
				SWIFT_UPCOMING_FEATURE_MEMBER_IMPORT_VISIBILITY = YES;
				SWIFT_VERSION = 5.0;
				TARGETED_DEVICE_FAMILY = "1,2,7";
				TEST_TARGET_NAME = Budgetting;
				XROS_DEPLOYMENT_TARGET = 26.5;
			};
			name = Release;
		};
/* End XCBuildConfiguration section */

/* Begin XCConfigurationList section */
		922727142FF8BFAB0009A6F7 /* Build configuration list for PBXProject "Budgetting" */ = {
			isa = XCConfigurationList;
			buildConfigurations = (
				9227273A2FF8BFAC0009A6F7 /* Debug */,
				9227273B2FF8BFAC0009A6F7 /* Release */,
			);
			defaultConfigurationIsVisible = 0;
			defaultConfigurationName = Release;
		};
		9227273C2FF8BFAC0009A6F7 /* Build configuration list for PBXNativeTarget "Budgetting" */ = {
			isa = XCConfigurationList;
			buildConfigurations = (
				9227273D2FF8BFAC0009A6F7 /* Debug */,
				9227273E2FF8BFAC0009A6F7 /* Release */,
			);
			defaultConfigurationIsVisible = 0;
			defaultConfigurationName = Release;
		};
		9227273F2FF8BFAC0009A6F7 /* Build configuration list for PBXNativeTarget "BudgettingTests" */ = {
			isa = XCConfigurationList;
			buildConfigurations = (
				922727402FF8BFAC0009A6F7 /* Debug */,
				922727412FF8BFAC0009A6F7 /* Release */,
			);
			defaultConfigurationIsVisible = 0;
			defaultConfigurationName = Release;
		};
		922727422FF8BFAC0009A6F7 /* Build configuration list for PBXNativeTarget "BudgettingUITests" */ = {
			isa = XCConfigurationList;
			buildConfigurations = (
				922727432FF8BFAC0009A6F7 /* Debug */,
				922727442FF8BFAC0009A6F7 /* Release */,
			);
			defaultConfigurationIsVisible = 0;
			defaultConfigurationName = Release;
		};
/* End XCConfigurationList section */
	};
	rootObject = 922727112FF8BFAB0009A6F7 /* Project object */;
}
